{
  "name": "DoseAgency",
  "lockfileVersion": 3,
  "requires": true,
  "packages": {
    "": {
      "dependencies": {
        "@fontsource/plus-jakarta-sans": "^5.1.0"
      }
    },
    "node_modules/@fontsource/plus-jakarta-sans": {
      "version": "5.1.0",
      "resolved": "https://registry.npmjs.org/@fontsource/plus-jakarta-sans/-/plus-jakarta-sans-5.1.0.tgz",
      "integrity": "sha512-o6qReKG0r7+YyNzMe0CbIC4u8nsLwUHRe3btQU+cYI/UH8+Cbvv278WICqEuj7zsBRu1eiuBgvBG17+cU+PJIw==",
      "license": "OFL-1.1"
    }
  }
}
